{
  "name": "newprojectnodejs",
  "version": "1.0.0",
  "lockfileVersion": 3,
  "requires": true,
  "packages": {
    "": {
      "name": "newprojectnodejs",
      "version": "1.0.0",
      "license": "ISC",
      "dependencies": {
        "@letiana0622/browser-nodejs": "^1.0.0"
      }
    },
    "node_modules/@letiana0622/browser-nodejs": {
      "version": "1.0.0",
      "resolved": "https://npm.pkg.github.com/download/@letiana0622/browser-nodejs/1.0.0/2e014150c8ed63b71f8815c2a29e73b97745e0d8",
      "integrity": "sha512-TfMfJuIAoIKSxOxAuUNhiuMd0JvdS/UFF9SLnKEyx6gfG8k3njGQ/W5tp8p4Lt3t8RBiMWlUIBW9dk9eUF+a5Q==",
      "license": "ISC"
    }
  }
}
